{
  "name": "git-app",
  "version": "0.1.0",
  "lockfileVersion": 1,
  "requires": true,
  "dependencies": {
    "cells-app-template": {
      "version": "3.0.9",
      "resolved": "https://globaldevtools.bbva.com:443/artifactory/api/npm/npm-repo/cells-app-template/-/cells-app-template-3.0.9.tgz",
      "integrity": "sha1-CB1M79coAFKJualsrYa2qHlUAts="
    }
  }
}
